#MicroXplorer Configuration settings - do not modify
PF7.GPIOParameters=GPIO_Label
PB13.GPIOParameters=GPIO_PuPd,GPIO_Label
PD12.GPIO_Label=HEARTBEAT
SH.FMC_D0_DA0.ConfNb=1
PC7.GPIOParameters=GPIO_Label
USART2.IPParameters=VirtualMode
SH.FMC_A8.ConfNb=1
PI7.GPIOParameters=GPIO_PuPd,GPIO_Label
SH.FMC_A0.ConfNb=1
SH.FMC_D6_DA6.ConfNb=1
SH.FMC_D9_DA9.ConfNb=1
SH.FMC_A0.0=FMC_A0,12b-sda1
FATFS0.BSP.api=Unknown
PH15.GPIO_Label=SWJ
PG8.Signal=FMC_SDCLK
PI15.Locked=true
RCC.PLLQCLKFreq_Value=48000000
PG0.Signal=FMC_A10
PC7.Locked=true
PI15.GPIO_Label=SWAL
RCC.RTCFreq_Value=32000
SH.FMC_SDNWE.ConfNb=1
PK1.Signal=LTDC_G6
USART1.IPParameters=VirtualMode
SH.FMC_D5_DA5.0=FMC_D5,sd-16b-d1
PA2.GPIOParameters=GPIO_Label
PG2.GPIOParameters=GPIO_PuPd,GPIO_Label
SH.FMC_D9_DA9.0=FMC_D9,sd-16b-d1
NVIC.SVCall_IRQn=true\:0\:0\:false\:false\:false\:false\:false\:false
FREERTOS.configENABLE_FPU=1
PJ8.GPIO_PuPd=GPIO_PULLUP
PF7.Signal=ADC3_IN5
SH.FMC_SDNWE.0=FMC_SDNWE,12b-sda1
PD7.GPIO_PuPd=GPIO_PULLUP
PH9.Signal=GPIO_Input
SH.FMC_D11_DA11.0=FMC_D11,sd-16b-d1
PJ5.Mode=RGB565
RCC.APB2TimFreq_Value=168000000
PB6.Signal=USART1_TX
PC7.Signal=GPIO_Output
PD0.Signal=FMC_D2_DA2
PD8.Signal=FMC_D13_DA13
PE1.Signal=FMC_NBL1
FATFS0.BSP.ip=GPIO
ProjectManager.ProjectBuild=false
PJ14.Locked=true
NVIC.UsageFault_IRQn=true\:0\:0\:false\:false\:true\:false\:false\:false
PJ12.GPIOParameters=GPIO_PuPd,GPIO_Label
PA8.Locked=true
PI4.GPIO_Label=KEYrtn
PB12.GPIO_Label=SWBL
PG14.Mode=Asynchronous
ProjectManager.FirmwarePackage=STM32Cube FW_F4 V1.26.1
PI7.Locked=true
LTDC.IPParameters=HSync,HBP,ActiveW,HFP,VSync,ActiveH,WindowX1_L0,WindowY1_L0,WindowX1_L1,WindowY1_L1,PixelFormat_L0,PixelFormat_L1,Alpha_L0,Alpha_L1,FBStartAdress_L0,ImageWidth_L0,ImageHeight_L0,FBStartAdress_L1,ImageWidth_L1,ImageHeight_L1
LTDC.PixelFormat_L0=LTDC_PIXEL_FORMAT_RGB565
ProjectManager.BackupPrevious=false
LTDC.PixelFormat_L1=LTDC_PIXEL_FORMAT_RGB565
PC4.GPIO_Label=TrimLHR
PE9.Signal=FMC_D6_DA6
PG12.GPIOParameters=GPIO_PuPd,GPIO_Label
PI2.Locked=true
SH.FMC_A2.0=FMC_A2,12b-sda1
PB1.GPIO_Label=LCDbacklight
PE4.GPIO_Label=LEDgreen
PF10.Locked=true
PC9.Mode=SD_4_bits_Wide_bus
PI15.GPIOParameters=GPIO_PuPd,GPIO_Label
PA8.Signal=GPIO_Output
SH.FMC_D1_DA1.0=FMC_D1,sd-16b-d1
PB6.Locked=true
PH14.GPIO_PuPd=GPIO_PULLUP
LTDC.HSync=3
PH3.GPIO_PuPd=GPIO_PULLUP
ProjectManager.HalAssertFull=false
PJ14.Signal=GPIO_Input
Mcu.Package=LQFP208
PB9.Signal=I2C1_SDA
PB1.Signal=GPIO_Output
PB14.GPIO_PuPd=GPIO_PULLUP
PA5.Locked=true
NVIC.TimeBase=TIM1_UP_TIM10_IRQn
SPI2.Mode=SPI_MODE_MASTER
PJ11.Locked=true
PD12.Signal=GPIO_Input
SH.FMC_SDNCAS.ConfNb=1
SH.FMC_A11.ConfNb=1
PJ8.Locked=true
ADC3.Rank-0\#ChannelRegularConversion=1
NVIC.TimeBaseIP=TIM1
USART3.IPParameters=VirtualMode,BaudRate
PJ3.Locked=true
PA10.Signal=GPIO_Input
FREERTOS.FootprintOK=true
PF7.Locked=true
PC11.Mode=SD_4_bits_Wide_bus
PH9.Locked=true
RCC.APB2CLKDivider=RCC_HCLK_DIV2
LTDC.VSync=11
RCC.APB1TimFreq_Value=84000000
USB_OTG_FS.IPParameters=VirtualMode
PE6.Locked=true
PD3.GPIO_PuPd=GPIO_PULLUP
PJ0.Locked=true
PD5.Locked=true
PK1.Locked=true
PA4.GPIO_Label=Audio
PD15.Signal=FMC_D1_DA1
PJ1.GPIO_Label=PWRon
SH.FMC_D3_DA3.ConfNb=1
PG12.Signal=GPIO_Input
PA6.GPIOParameters=GPIO_PuPd,GPIO_Label
PI5.GPIO_PuPd=GPIO_PULLUP
Mcu.Pin80=PB12
Mcu.Pin81=PB13
FATFS0.BSP.STBoard=false
SH.FMC_A4.0=FMC_A4,12b-sda1
PK4.Signal=LTDC_B5
ProjectManager.ProjectFileName=TX16S_I2C_FreeRTOS.ioc
SH.FMC_A5.ConfNb=1
FREERTOS.Tasks01=defaultTask,24,128,StartDefaultTask,Default,NULL,Dynamic,NULL,NULL;TouchTask,24,128,TouchTaskEntry,Default,NULL,Dynamic,NULL,NULL
Mcu.Pin79=PH12
PI10.Locked=true
Mcu.PinsNb=169
Mcu.Pin73=PH6
PC11.Locked=true
Mcu.Pin74=PH7
Mcu.Pin71=PB11
Mcu.Pin72=PJ5
Mcu.Pin77=PH10
PC13.Locked=true
Mcu.Pin78=PH11
PG5.Signal=FMC_A15_BA1
Mcu.Pin75=PH8
PC13.Signal=GPIO_Input
SH.FMC_D10_DA10.0=FMC_D10,sd-16b-d1
Mcu.Pin76=PH9
PG3.Locked=true
FATFS0.BSP.mode=Input
PI6.GPIO_PuPd=GPIO_PULLUP
PD3.Signal=GPIO_Input
Mcu.Pin70=PB10
PG9.Mode=Asynchronous
PC2.Signal=ADCx_IN12
PI12.Signal=LTDC_HSYNC
RCC.VCOSAIOutputFreq_ValueQ=25000000
RCC.VCOSAIOutputFreq_ValueR=50000000
Mcu.Pin68=PE14
Mcu.Pin69=PE15
PB14.Locked=true
PD6.Mode=Asynchronous
Mcu.Pin62=PE8
PG14.Locked=true
Mcu.Pin63=PE9
Mcu.Pin60=PG1
Mcu.Pin61=PE7
Mcu.Pin66=PE12
Mcu.Pin67=PE13
Mcu.Pin64=PE10
Mcu.Pin65=PE11
LTDC.ImageWidth_L1=480
PJ11.Signal=LTDC_G4
PF8.GPIO_Label=EX1
LTDC.ImageWidth_L0=480
PC3.GPIOParameters=GPIO_Label
PD10.Signal=FMC_D15_DA15
PJ6.Mode=RGB565
PJ8.GPIO_Label=TrimLSD
PJ3.Signal=LTDC_R4
PA15.Locked=true
PI8.GPIO_Label=KEYenter
PA8.GPIO_Label=IntModPwr
Mcu.Pin59=PG0
Mcu.Pin57=PF14
Mcu.Pin58=PF15
PH11.GPIOParameters=GPIO_Label
PH4.Locked=true
Mcu.Pin51=PJ2
Mcu.Pin52=PJ3
I2C1.I2C_Mode=I2C_Fast
Mcu.Pin50=PJ1
Mcu.Pin55=PF12
Mcu.Pin56=PF13
PJ14.GPIO_PuPd=GPIO_PULLUP
Mcu.Pin53=PJ4
Mcu.Pin54=PF11
PJ14.GPIOParameters=GPIO_PuPd,GPIO_Label
PH11.GPIO_Label=ROTENCA
PB9.Locked=true
PI12.Locked=true
Mcu.Pin48=PI15
Mcu.Pin49=PJ0
Mcu.Pin46=PB0
Mcu.Pin47=PB1
PB14.Signal=GPIO_Input
PG6.GPIOParameters=GPIO_PuPd,GPIO_Label
PA5.Signal=GPIO_Output
Mcu.Pin40=PA4
Mcu.Pin41=PA5
Mcu.Pin44=PC4
PC12.Mode=SD_4_bits_Wide_bus
Mcu.Pin45=PC5
Mcu.Pin42=PA6
Mcu.Pin43=PA7
PB13.GPIO_PuPd=GPIO_PULLUP
PI7.Signal=GPIO_Input
SH.FMC_A6.0=FMC_A6,12b-sda1
PE14.Signal=FMC_D11_DA11
Mcu.Pin37=PH4
PB4.GPIO_Label=TrainerDetect
Mcu.Pin38=PH5
Mcu.Pin35=PH2
PB15.GPIO_Label=SWCL
Mcu.Pin36=PH3
SH.ADCx_IN0.ConfNb=1
SH.FMC_D14_DA14.ConfNb=1
Mcu.Pin39=PA3
PG7.GPIO_Label=SWH
PI2.Signal=SPI2_MISO
Mcu.Pin30=PC2
PA1.GPIO_Label=StickLV
SH.ADCx_IN12.ConfNb=1
Mcu.Pin33=PA1
Mcu.Pin34=PA2
Mcu.Pin31=PC3
Mcu.Pin32=PA0/WKUP
NVIC.NonMaskableInt_IRQn=true\:0\:0\:false\:false\:true\:false\:false\:false
PF13.Signal=FMC_A7
PF9.GPIOParameters=GPIO_Label
PI9.GPIOParameters=GPIO_Label
Mcu.Pin26=PH0/OSC_IN
Mcu.Pin27=PH1/OSC_OUT
Mcu.Pin24=PF9
Mcu.Pin25=PF10
Mcu.Pin28=PC0
PC7.GPIO_Label=TrainerOut
Mcu.Pin29=PC1
PC8.Mode=SD_4_bits_Wide_bus
PJ13.GPIO_PuPd=GPIO_PULLUP
PB4.Locked=true
PJ15.Mode=RGB565
Mcu.Pin22=PF7
Mcu.Pin23=PF8
Mcu.Pin20=PF5
PA3.Locked=true
Mcu.Pin21=PF6
PJ0.GPIOParameters=GPIO_Label
PA5.GPIO_Label=TESTPOINT
PA10.Locked=true
PK4.Mode=RGB565
NVIC.ForceEnableDMAVector=true
NVIC.MemoryManagement_IRQn=true\:0\:0\:false\:false\:true\:false\:false\:false
PE5.GPIO_Label=LEDblue
PJ0.GPIO_Label=PWRswitch
PJ8.Signal=GPIO_Input
SH.FMC_SDNRAS.ConfNb=1
ProjectManager.HeapSize=0x200
Mcu.Pin15=PI12
NVIC.HardFault_IRQn=true\:0\:0\:false\:false\:true\:false\:false\:false
Mcu.Pin16=PI13
Mcu.Pin13=PF1
Mcu.Pin14=PF2
PH6.Signal=FMC_SDNE1
Mcu.Pin19=PF4
PF10.GPIOParameters=GPIO_Label
Mcu.Pin17=PI14
Mcu.Pin18=PF3
NVIC.PriorityGroup=NVIC_PRIORITYGROUP_4
Mcu.Pin11=PI11
Mcu.Pin12=PF0
Mcu.Pin10=PI10
PI11.GPIO_Label=KEYpageprevious
PE3.Signal=GPIO_Input
PJ4.Mode=RGB565
PC15/OSC32_OUT.Signal=RCC_OSC32_OUT
PF4.Signal=FMC_A4
PD2.Signal=SDIO_CMD
FATFS0.BSP.name=Detect_SDIO
Mcu.Family=STM32F4
ProjectManager.MainLocation=Core/Src
SH.FMC_A6.ConfNb=1
PK3.Signal=LTDC_B4
SPI2.VirtualNSS=VM_NSSHARD
SH.FMC_A8.0=FMC_A8,12b-sda1
FREERTOS.BinarySemaphores01=BinSemI2CCB,Dynamic,NULL
Mcu.Pin150=PK6
Mcu.Pin151=PK7
ProjectManager.KeepUserCode=true
PH14.Signal=GPIO_Input
FATFS0.BSP.semaphore=
PH10.Signal=GPIO_Input
SH.FMC_D14_DA14.0=FMC_D14,sd-16b-d1
Mcu.Pin156=PB6
Mcu.Pin157=PB7
PG2.Signal=GPIO_Input
Mcu.Pin158=PB8
Mcu.Pin159=PB9
Mcu.Pin152=PG15
Mcu.Pin153=PB3
Mcu.Pin154=PB4
PG2.Locked=true
Mcu.Pin155=PB5
PC5.Locked=true
PH10.Locked=true
PA11.Mode=Device_Only
PD6.Locked=true
PC14/OSC32_IN.Mode=LSE-External-Oscillator
SH.FMC_A14_BA0.0=FMC_BA0,FourSdramBanks1
PD2.Locked=true
SH.FMC_A11.0=FMC_A11,12b-sda1
Mcu.Pin160=PE0
Mcu.Pin161=PE1
Mcu.Pin162=PI4
PC1.Locked=true
PB13.GPIO_Label=TrimRSD
PB15.Signal=GPIO_Input
ADC3.Channel-0\#ChannelRegularConversion=ADC_CHANNEL_4
Mcu.Pin167=VP_FREERTOS_VS_CMSIS_V2
Mcu.Pin168=VP_SYS_VS_tim1
Mcu.Pin163=PI5
PG11.Signal=GPIO_Input
PG15.Signal=FMC_SDNCAS
Mcu.Pin164=PI6
PJ14.GPIO_Label=TrimLVU
Mcu.Pin165=PI7
PG3.GPIO_PuPd=GPIO_PULLUP
Mcu.Pin166=VP_FATFS_VS_SDIO
Mcu.Pin138=PJ13
Mcu.Pin139=PJ14
PD13.Signal=GPIO_Input
Mcu.IP4=FREERTOS
Mcu.IP5=I2C1
RCC.FCLKCortexFreq_Value=168000000
PD13.Locked=true
Mcu.IP2=FATFS
I2C1.IPParameters=I2C_Mode,DutyCycle
Mcu.IP3=FMC
PA15.GPIO_Label=UART3Pwr
Mcu.IP0=ADC3
Mcu.IP1=DAC
PE4.GPIOParameters=GPIO_Label
PJ2.Signal=LTDC_R3
PF9.Locked=true
PA7.PinState=GPIO_PIN_SET
PH3.Locked=true
Mcu.Pin134=PD5
Mcu.Pin135=PD6
Mcu.Pin136=PD7
Mcu.Pin137=PJ12
Mcu.Pin130=PD1
Mcu.Pin131=PD2
SH.ADCx_IN3.0=ADC3_IN3,IN3
Mcu.Pin132=PD3
Mcu.Pin133=PD4
ProjectManager.PreviousToolchain=
LTDC.WindowX1_L1=479
RCC.VcooutputI2S=192000000
Mcu.Pin149=PK5
SH.FMC_NBL1.0=FMC_NBL1,Sd2ByteEnable1
LTDC.WindowX1_L0=479
PA8.GPIOParameters=GPIO_Label
PK2.Mode=RGB565
FREERTOS.IPParameters=Tasks01,configENABLE_FPU,configTOTAL_HEAP_SIZE,FootprintOK,BinarySemaphores01
PD5.Mode=Asynchronous
Mcu.Pin140=PJ15
Mcu.Pin145=PG13
Mcu.Pin146=PG14
RCC.HSE_VALUE=12000000
Mcu.Pin147=PK3
Mcu.Pin148=PK4
Mcu.Pin141=PG9
NVIC.DebugMonitor_IRQn=true\:0\:0\:false\:false\:true\:false\:false\:false
SH.FMC_A14_BA0.ConfNb=1
Mcu.Pin142=PG10
Mcu.Pin143=PG11
Mcu.Pin144=PG12
Mcu.IP10=SPI2
NVIC.SysTick_IRQn=true\:15\:0\:false\:false\:false\:true\:false\:true
Mcu.IP12=USART1
Mcu.IP11=SYS
PI14.Mode=RGB565
PA6.GPIO_PuPd=GPIO_PULLUP
Mcu.IP14=USART3
PF9.Mode=IN7
Mcu.IP13=USART2
Mcu.IP16=USB_OTG_FS
Mcu.IP15=USART6
PI4.Locked=true
RCC.VCOInputFreq_Value=2000000
PH7.GPIO_Label=PCBREV1
PA14.Mode=Serial_Wire
PF11.Signal=FMC_SDNRAS
PJ7.GPIO_Label=SWDH
PI8.GPIO_PuPd=GPIO_PULLUP
PB5.Mode=SdramChipSelect2_1
PC13.GPIO_PuPd=GPIO_PULLUP
PE3.GPIOParameters=GPIO_Label
PJ12.GPIO_Label=TrimRV
PG7.GPIO_PuPd=GPIO_PULLUP
PE3.Locked=true
PB7.Signal=USART1_RX
PB0.Locked=true
PD13.GPIO_Label=TrimLSU
PA6.Signal=GPIO_Input
PJ13.Locked=true
PB15.GPIO_PuPd=GPIO_PULLUP
PG11.Locked=true
USART6.VirtualMode=VM_ASYNC
SH.FMC_D4_DA4.ConfNb=1
ProjectManager.ToolChainLocation=
PA15.Signal=GPIO_Output
PF8.Signal=ADC3_IN6
PI1.Mode=Full_Duplex_Master
Mcu.Pin95=PJ9
Mcu.Pin96=PJ10
Mcu.Pin93=PJ7
Mcu.Pin94=PJ8
SH.ADCx_IN1.0=ADC3_IN1,IN1
Mcu.Pin99=PK1
Mcu.Pin97=PJ11
Mcu.Pin98=PK0
Mcu.Pin91=PD15
Mcu.Pin92=PJ6
PG11.GPIO_Label=USBchaCtrl
PC5.Signal=GPIO_Input
Mcu.Pin90=PD14
PD3.GPIO_Label=TrimR
PE7.Signal=FMC_D4_DA4
PD6.Signal=USART2_RX
PE2.GPIO_Label=LEDred
PH15.GPIO_PuPd=GPIO_PULLUP
Mcu.Pin84=PD8
Mcu.Pin85=PD9
PB15.Locked=true
Mcu.Pin82=PB14
PB4.Signal=GPIO_Input
Mcu.Pin83=PB15
PG2.GPIO_Label=SWDL
PA3.Signal=ADCx_IN3
Mcu.Pin88=PD12
Mcu.Pin89=PD13
Mcu.Pin86=PD10
Mcu.Pin87=PD11
SH.FMC_A3.ConfNb=1
PK1.Mode=RGB565
PK6.Signal=LTDC_B7
PK6.Locked=true
PK4.Locked=true
PH8.GPIOParameters=GPIO_Label
SH.ADCx_IN13.0=ADC3_IN13,IN13
PH15.Locked=true
PG7.Locked=true
PB8.GPIOParameters=GPIO_PuPdOD
LTDC.WindowY1_L0=271
PG7.Signal=GPIO_Input
LTDC.WindowY1_L1=271
PH12.GPIO_Label=SWBH
NVIC.SavedSvcallIrqHandlerGenerated=true
PC11.Signal=SDIO_D3
PI14.Signal=LTDC_CLK
PC8.Signal=SDIO_D0
PC10.Mode=SD_4_bits_Wide_bus
ProjectManager.DefaultFWLocation=true
PD9.Signal=FMC_D14_DA14
PB12.Locked=true
ProjectManager.DeletePrevious=true
RCC.FamilyName=M
PB9.GPIOParameters=GPIO_PuPdOD
FATFS0.BSP.instance=PC5
PA13.Signal=SYS_JTMS-SWDIO
PA9.Mode=Activate_VBUS
PJ5.Locked=true
SH.FMC_A15_BA1.ConfNb=1
ADC3.SamplingTime-0\#ChannelRegularConversion=ADC_SAMPLETIME_3CYCLES
PH7.GPIOParameters=GPIO_Label
PF6.Signal=ADC3_IN4
PH8.Locked=true
PF6.Locked=true
SH.FMC_D13_DA13.0=FMC_D13,sd-16b-d1
PH8.Signal=GPIO_Input
PC5.GPIOParameters=GPIO_Label
PB9.Mode=I2C
SPI2.IPParameters=VirtualType,Mode,Direction,CalculateBaudRate,VirtualNSS
PE2.GPIOParameters=GPIO_Label
PG10.GPIOParameters=GPIO_Label
PF9.GPIO_Label=EX2
PI5.GPIOParameters=GPIO_PuPd,GPIO_Label
PA1.Signal=ADCx_IN1
RCC.VCOI2SOutputFreq_Value=384000000
PD2.Mode=SD_4_bits_Wide_bus
PH9.GPIOParameters=GPIO_PuPd,GPIO_Label
PK5.Mode=RGB565
board=custom
RCC.VCOOutputFreq_Value=336000000
PI9.Signal=GPIO_Output
PH4.GPIO_Label=SWEH
PI9.Locked=true
SH.ADCx_IN11.0=ADC3_IN11,IN11
MxCube.Version=6.2.1
PI4.Signal=GPIO_Input
SH.ADCx_IN2.ConfNb=1
PC1.GPIO_Label=POS6
PA10.GPIOParameters=GPIO_Label
PD4.GPIOParameters=GPIO_Label
SH.FMC_D12_DA12.0=FMC_D12,sd-16b-d1
PE5.Locked=true
PF1.Signal=FMC_A1
SH.FMC_D11_DA11.ConfNb=1
RCC.IPParameters=48MHZClocksFreq_Value,AHBFreq_Value,APB1CLKDivider,APB1Freq_Value,APB1TimFreq_Value,APB2CLKDivider,APB2Freq_Value,APB2TimFreq_Value,CortexFreq_Value,EthernetFreq_Value,FCLKCortexFreq_Value,FamilyName,HCLKFreq_Value,HSE_VALUE,HSI_VALUE,I2SClocksFreq_Value,LCDTFTFreq_Value,LSI_VALUE,MCO2PinFreq_Value,PLLCLKFreq_Value,PLLM,PLLN,PLLQ,PLLQCLKFreq_Value,PLLSAIN,RTCFreq_Value,RTCHSEDivFreq_Value,SAI_AClocksFreq_Value,SAI_BClocksFreq_Value,SYSCLKFreq_VALUE,SYSCLKSource,VCOI2SOutputFreq_Value,VCOInputFreq_Value,VCOOutputFreq_Value,VCOSAIOutputFreq_Value,VCOSAIOutputFreq_ValueQ,VCOSAIOutputFreq_ValueR,VcooutputI2S,VcooutputI2SQ
PJ0.Signal=GPIO_Input
ProjectManager.AskForMigrate=true
PE0.Signal=FMC_NBL0
PE12.Signal=FMC_D9_DA9
NVIC.SavedPendsvIrqHandlerGenerated=true
Mcu.IP8=RCC
Mcu.IP9=SDIO
Mcu.IP6=LTDC
Mcu.IP7=NVIC
ProjectManager.CoupleFile=false
RCC.48MHZClocksFreq_Value=48000000
RCC.SYSCLKFreq_VALUE=168000000
PA1.Locked=true
KeepUserPlacement=false
USART3.VirtualMode=VM_ASYNC
PJ5.Signal=LTDC_R6
PC6.GPIOParameters=GPIO_Label
RCC.HSI_VALUE=16000000
PI6.GPIOParameters=GPIO_PuPd,GPIO_Label
RCC.PLLQ=7
PH3.Signal=GPIO_Input
RCC.PLLM=6
RCC.PLLN=168
PB7.Locked=true
PH12.GPIO_PuPd=GPIO_PULLUP
PC8.Locked=true
PI14.Locked=true
SH.FMC_D8_DA8.ConfNb=1
ADC3.NbrOfConversionFlag=1
LTDC.ImageHeight_L0=272
LTDC.ImageHeight_L1=272
PB12.Signal=GPIO_Input
PJ13.Signal=GPIO_Input
PG11.GPIOParameters=GPIO_Label
PA3.GPIO_Label=StickRV
PA6.Locked=true
SH.FMC_D7_DA7.0=FMC_D7,sd-16b-d1
PK5.Locked=true
PK5.Signal=LTDC_B6
SH.FMC_A4.ConfNb=1
PJ9.Mode=RGB565
PH12.Signal=GPIO_Input
PH12.Locked=true
PG2.GPIO_PuPd=GPIO_PULLUP
SPI2.VirtualType=VM_MASTER
PB10.Mode=Asynchronous
VP_FATFS_VS_SDIO.Mode=SDIO
PK0.Mode=RGB565
PC12.Locked=true
PG4.Signal=FMC_A14_BA0
RCC.PLLCLKFreq_Value=168000000
PC12.Signal=SDIO_CK
PB14.GPIO_Label=TrimRSU
PG6.GPIO_Label=SWGH
PG3.GPIOParameters=GPIO_PuPd,GPIO_Label
PD3.GPIOParameters=GPIO_PuPd,GPIO_Label
PC6.GPIO_Label=TrainerIn
PC3.Locked=true
PI11.Locked=true
PA3.GPIOParameters=GPIO_Label
PA6.GPIO_Label=TrimLHL
PI6.GPIO_Label=KEYmdl
PD4.Locked=true
PB13.Signal=GPIO_Input
PG13.Signal=GPIO_Input
PinOutPanel.RotationAngle=0
PE6.GPIO_Label=HAPTIC
PF6.GPIO_Label=SLIDER1
RCC.SYSCLKSource=RCC_SYSCLKSOURCE_PLLCLK
PJ10.Signal=LTDC_G3
PJ10.Locked=true
SH.FMC_A15_BA1.0=FMC_BA1,FourSdramBanks1
PJ13.GPIO_Label=TrimRVD
PH5.Signal=FMC_SDNWE
USART3.BaudRate=400000
VP_FATFS_VS_SDIO.Signal=FATFS_VS_SDIO
RCC.LCDTFTFreq_Value=25000000
PD4.Signal=GPIO_Output
I2C1.DutyCycle=I2C_DUTYCYCLE_16_9
SH.FMC_D10_DA10.ConfNb=1
PH1/OSC_OUT.Signal=RCC_OSC_OUT
PB6.Mode=Asynchronous
PC3.Signal=ADCx_IN13
PE5.Signal=GPIO_Output
PI3.Mode=Full_Duplex_Master
PF10.GPIO_Label=TOUCH_RST
PB13.Locked=true
PH10.GPIO_Label=ROTENCB
PG13.Locked=true
FATFS0.BSP.i2caddr=0
PA4.Locked=true
MxDb.Version=DB.6.0.21
PB0.GPIOParameters=GPIO_Label
PG6.GPIO_PuPd=GPIO_PULLUP
PA1.GPIOParameters=GPIO_Label
PK7.Mode=RGB565
PJ2.Mode=RGB565
PJ1.GPIOParameters=PinState,GPIO_Label
SH.ADCx_IN1.ConfNb=1
PI6.Signal=GPIO_Input
PI3.Signal=SPI2_MOSI
SH.FMC_D15_DA15.ConfNb=1
SPI2.CalculateBaudRate=21.0 MBits/s
ADC3.IPParameters=Rank-0\#ChannelRegularConversion,Channel-0\#ChannelRegularConversion,SamplingTime-0\#ChannelRegularConversion,NbrOfConversionFlag
SH.ADCx_IN11.ConfNb=1
PE2.Signal=GPIO_Output
PF8.Mode=IN6
NVIC.PendSV_IRQn=true\:15\:0\:false\:false\:false\:true\:false\:false
PF3.Signal=FMC_A3
PE10.Signal=FMC_D7_DA7
RCC.MCO2PinFreq_Value=168000000
PH10.GPIOParameters=GPIO_Label
PF8.GPIOParameters=GPIO_Label
PI8.GPIOParameters=GPIO_PuPd,GPIO_Label
PD11.Locked=true
PG13.GPIOParameters=GPIO_Label
SH.COMP_DAC1_group.ConfNb=1
PI7.GPIO_PuPd=GPIO_PULLUP
FATFS0.BSP.solution=PC5
PJ4.Signal=LTDC_R5
PA5.GPIOParameters=GPIO_Label
PB14.GPIOParameters=GPIO_PuPd,GPIO_Label
PB8.GPIO_PuPdOD=GPIO_NOPULL
SH.FMC_A1.0=FMC_A1,12b-sda1
PH2.Signal=GPIO_Input
SH.FMC_SDCLK.0=FMC_SDCLK,12b-sda1
PG12.GPIO_PuPd=GPIO_PULLUP
PF14.Signal=FMC_A8
PI4.GPIOParameters=GPIO_PuPd,GPIO_Label
NVIC.BusFault_IRQn=true\:0\:0\:false\:false\:true\:false\:false\:false
PJ13.GPIOParameters=GPIO_PuPd,GPIO_Label
PI11.Signal=GPIO_Input
SH.FMC_D3_DA3.0=FMC_D3,sd-16b-d1
ProjectManager.CustomerFirmwarePackage=
PC4.GPIOParameters=GPIO_PuPd,GPIO_Label
RCC.SAI_AClocksFreq_Value=25000000
PI10.GPIO_Label=LCDnRST
PH12.GPIOParameters=GPIO_PuPd,GPIO_Label
PA0/WKUP.GPIOParameters=GPIO_Label
SH.FMC_A7.ConfNb=1
PH15.Signal=GPIO_Input
SH.FMC_A1.ConfNb=1
PA15.GPIOParameters=GPIO_Label
PG9.Locked=true
PG9.Signal=USART6_RX
PC6.Signal=GPIO_Input
PD13.GPIOParameters=GPIO_PuPd,GPIO_Label
PD7.Signal=GPIO_Input
PD1.Signal=FMC_D3_DA3
PC0.Signal=ADCx_IN10
RCC.APB1CLKDivider=RCC_HCLK_DIV4
PK2.Locked=true
PG13.GPIO_Label=USBchgDetect
PI2.Mode=Full_Duplex_Master
PG10.Signal=GPIO_Output
PG10.Locked=true
SH.FMC_A3.0=FMC_A3,12b-sda1
PJ7.Signal=GPIO_Input
PB11.Mode=Asynchronous
SH.FMC_D15_DA15.0=FMC_D15,sd-16b-d1
PC6.Locked=true
PA9.Signal=USB_OTG_FS_VBUS
PB5.Locked=true
PI1.Locked=true
PD7.Locked=true
PB10.Signal=USART3_TX
FATFS.BSP.number=1
PH9.GPIO_Label=SWAH
PJ15.Signal=LTDC_B3
PI9.GPIO_Label=INTMODboot
PH6.Mode=SdramChipSelect2_1
ProjectManager.LastFirmware=true
Mcu.Pin116=PA12
Mcu.Pin117=PA13
Mcu.Pin118=PH14
Mcu.Pin119=PH15
PI6.Locked=true
PE15.Signal=FMC_D12_DA12
PE8.Signal=FMC_D5_DA5
VP_SYS_VS_tim1.Signal=SYS_VS_tim1
PI1.Signal=SPI2_SCK
FATFS0.BSP.i2creg=
PC2.GPIOParameters=GPIO_Label
Mcu.Pin112=PA8
Mcu.Pin113=PA9
Mcu.Pin114=PA10
RCC.EthernetFreq_Value=168000000
Mcu.Pin115=PA11
PA0/WKUP.GPIO_Label=StickLH
Mcu.Pin110=PC8
Mcu.Pin111=PC9
Mcu.Pin127=PC11
Mcu.Pin128=PC12
Mcu.Pin129=PD0
PI0.Locked=true
PA13.Mode=Serial_Wire
SH.FMC_SDNCAS.0=FMC_SDNCAS,12b-sda1
ProjectManager.FreePins=false
SH.FMC_NBL1.ConfNb=1
PJ1.Locked=true
RCC.RTCHSEDivFreq_Value=6000000
ProjectManager.UnderRoot=true
Mcu.Pin123=PI3
PH14.GPIO_Label=SWI
SH.FMC_D7_DA7.ConfNb=1
Mcu.Pin124=PA14
PJ15.Locked=true
PA4.Signal=COMP_DAC1_group
Mcu.Pin125=PA15
Mcu.Pin126=PC10
PB5.Signal=FMC_SDCKE1
Mcu.Pin120=PI0
Mcu.Pin121=PI1
Mcu.Pin122=PI2
PD11.Signal=GPIO_Input
SH.FMC_A10.ConfNb=1
USART1.VirtualMode=VM_ASYNC
ProjectManager.CompilerOptimize=6
LTDC.Alpha_L1=255
SH.FMC_A5.0=FMC_A5,12b-sda1
LTDC.Alpha_L0=255
PA11.Signal=USB_OTG_FS_DM
PJ7.Locked=true
PH5.Locked=true
PF8.Locked=true
PF6.Mode=IN4
NVIC.TIM1_UP_TIM10_IRQn=true\:0\:0\:false\:false\:true\:false\:false\:true
ProjectManager.ComputerToolchain=false
PF9.Signal=ADC3_IN7
PJ10.Mode=RGB565
PB8.Mode=I2C
Mcu.Pin109=PC7
PE2.Locked=true
PC3.GPIO_Label=SLIDER2
PJ7.GPIOParameters=GPIO_PuPd,GPIO_Label
Mcu.Pin105=PG6
Mcu.Pin106=PG7
Mcu.Pin107=PG8
PI4.GPIO_PuPd=GPIO_PULLUP
Mcu.Pin108=PC6
PJ12.GPIO_PuPd=GPIO_PULLUP
PG3.GPIO_Label=SWGL
SH.FMC_D12_DA12.ConfNb=1
PB0.Signal=GPIO_Output
PA7.GPIOParameters=PinState,GPIO_Label
PC0.Locked=true
PC1.Signal=ADCx_IN11
PB12.GPIOParameters=GPIO_Label
PH2.GPIO_Label=TOUCH_INT
PJ7.GPIO_PuPd=GPIO_PULLUP
PG7.GPIOParameters=GPIO_PuPd,GPIO_Label
PD7.GPIOParameters=GPIO_PuPd,GPIO_Label
PG10.GPIO_Label=BluetoothEn
Mcu.Pin101=PG2
Mcu.Pin102=PG3
Mcu.Pin103=PG4
Mcu.Pin104=PG5
PI12.Mode=RGB565
Mcu.Pin100=PK2
PK7.Signal=LTDC_DE
PK7.Locked=true
RCC.CortexFreq_Value=168000000
SH.FMC_A2.ConfNb=1
PG6.Signal=GPIO_Input
PH14.Locked=true
PI10.GPIOParameters=PinState,GPIO_Label
Mcu.UserName=STM32F429BITx
LTDC.HBP=40
PC10.Locked=true
SH.ADCx_IN2.0=ADC3_IN2,IN2
PG6.Locked=true
PC10.Signal=SDIO_D2
SH.FMC_NBL0.0=FMC_NBL0,Sd2ByteEnable1
PI13.Locked=true
ProjectManager.functionlistsort=1-MX_GPIO_Init-GPIO-false-HAL-true,2-SystemClock_Config-RCC-false-HAL-false,3-MX_USB_OTG_FS_PCD_Init-USB_OTG_FS-false-HAL-true,4-MX_FMC_Init-FMC-false-HAL-true,5-MX_USART3_UART_Init-USART3-false-HAL-true,6-MX_LTDC_Init-LTDC-false-HAL-true,7-MX_I2C1_Init-I2C1-false-HAL-true,8-MX_ADC3_Init-ADC3-false-HAL-true,9-MX_DAC_Init-DAC-false-HAL-true,10-MX_SDIO_SD_Init-SDIO-false-HAL-true,11-MX_SPI2_Init-SPI2-false-HAL-true,12-MX_USART1_UART_Init-USART1-false-HAL-true,13-MX_USART2_UART_Init-USART2-false-HAL-true,14-MX_USART6_UART_Init-USART6-false-HAL-true,15-MX_FATFS_Init-FATFS-false-HAL-false
PC0.GPIOParameters=GPIO_Label
PC0.GPIO_Label=POT1
SH.FMC_D6_DA6.0=FMC_D6,sd-16b-d1
PA0/WKUP.Signal=ADCx_IN0
PC9.Locked=true
PB0.GPIO_Label=UART6pwr
PI5.GPIO_Label=KEYtelem
PC13.GPIO_Label=KEYpagenext
PB11.Signal=USART3_RX
PE5.GPIOParameters=GPIO_Label
ProjectManager.StackSize=0x400
PI11.GPIO_PuPd=GPIO_PULLUP
VP_FREERTOS_VS_CMSIS_V2.Mode=CMSIS_V2
PI11.GPIOParameters=GPIO_PuPd,GPIO_Label
RCC.SAI_BClocksFreq_Value=25000000
PJ6.Locked=true
PJ6.Signal=LTDC_R7
PD11.GPIO_PuPd=GPIO_PULLUP
PB4.GPIOParameters=GPIO_Label
SH.FMC_A7.0=FMC_A7,12b-sda1
PH4.GPIOParameters=GPIO_PuPd,GPIO_Label
PA12.Signal=USB_OTG_FS_DP
Mcu.UserConstants=
PH7.Locked=true
PC1.GPIOParameters=GPIO_Label
Mcu.ThirdPartyNb=0
PH0/OSC_IN.Mode=HSE-External-Oscillator
PD11.GPIO_Label=SWCH
RCC.HCLKFreq_Value=168000000
Mcu.IPNb=17
RCC.I2SClocksFreq_Value=192000000
PA0/WKUP.Locked=true
SH.ADCx_IN3.ConfNb=1
PF12.Signal=FMC_A6
Mcu.Pin6=PC13
PH15.GPIOParameters=GPIO_PuPd,GPIO_Label
Mcu.Pin7=PC14/OSC32_IN
PJ8.GPIOParameters=GPIO_PuPd,GPIO_Label
Mcu.Pin8=PC15/OSC32_OUT
Mcu.Pin9=PI9
RCC.VCOSAIOutputFreq_Value=100000000
PI13.Signal=LTDC_VSYNC
PJ2.Locked=true
SH.FMC_A10.0=FMC_A10,12b-sda1
RCC.AHBFreq_Value=168000000
Mcu.Pin0=PE2
Mcu.Pin1=PE3
GPIO.groupedBy=Group By Peripherals
Mcu.Pin2=PE4
Mcu.Pin3=PE5
PK3.Locked=true
Mcu.Pin4=PE6
Mcu.Pin5=PI8
SH.FMC_D8_DA8.0=FMC_D8,sd-16b-d1
PI8.Signal=GPIO_Input
SH.FMC_D2_DA2.0=FMC_D2,sd-16b-d1
PH4.GPIO_PuPd=GPIO_PULLUP
PE13.Signal=FMC_D10_DA10
PF7.GPIO_Label=VBattery
PI5.Locked=true
PI5.Signal=GPIO_Input
PK6.Mode=RGB565
VP_SYS_VS_tim1.Mode=TIM1
PI0.Signal=SPI2_NSS
File.Version=6
PA10.GPIO_Label=ExtModTX
SH.ADCx_IN13.ConfNb=1
SH.FMC_D5_DA5.ConfNb=1
PB3.GPIOParameters=GPIO_Label
PH3.GPIOParameters=GPIO_PuPd,GPIO_Label
LTDC.HFP=3
SH.FMC_D2_DA2.ConfNb=1
PB8.Locked=true
SH.ADCx_IN0.0=ADC3_IN0,IN0
SH.FMC_SDNRAS.0=FMC_SDNRAS,12b-sda1
LTDC.ActiveW=480
PH1/OSC_OUT.Mode=HSE-External-Oscillator
PE4.Signal=GPIO_Output
PE6.GPIOParameters=GPIO_Label
FREERTOS.configTOTAL_HEAP_SIZE=32768
ProjectManager.ProjectName=TX16S_I2C_FreeRTOS
PD7.GPIO_Label=TrimRHR
PA7.Locked=true
SH.FMC_D0_DA0.0=FMC_D0,sd-16b-d1
PJ9.Signal=LTDC_G2
PJ12.Signal=GPIO_Input
USART2.VirtualMode=VM_ASYNC
PC14/OSC32_IN.Signal=RCC_OSC32_IN
PI10.PinState=GPIO_PIN_SET
PH9.GPIO_PuPd=GPIO_PULLUP
PA2.GPIO_Label=StickRH
RCC.LSI_VALUE=32000
USB_OTG_FS.VirtualMode=Device_Only
SH.FMC_A9.0=FMC_A9,12b-sda1
PJ1.Signal=GPIO_Output
SH.FMC_D4_DA4.0=FMC_D4,sd-16b-d1
RCC.PLLSAIN=50
PF5.Signal=FMC_A5
PH3.GPIO_Label=SWF
PH7.Signal=GPIO_Input
PC4.Locked=true
SPI2.Direction=SPI_DIRECTION_2LINES
PF0.Signal=FMC_A0
SH.FMC_NBL0.ConfNb=1
PC2.GPIO_Label=POT2
PB3.Locked=true
PH14.GPIOParameters=GPIO_PuPd,GPIO_Label
PA2.Locked=true
PB3.GPIO_Label=ExtModPwr
SH.COMP_DAC1_group.0=DAC_OUT1,DAC_OUT1
PK2.Signal=LTDC_G7
LTDC.FBStartAdress_L0=261120
SH.FMC_A9.ConfNb=1
LTDC.FBStartAdress_L1=261120
PH11.Signal=GPIO_Input
ProjectManager.NoMain=false
PG3.Signal=GPIO_Input
PC4.GPIO_PuPd=GPIO_PULLUP
USART6.IPParameters=VirtualMode
PG1.Signal=FMC_A11
SH.FMC_SDCLK.ConfNb=1
PC4.Signal=GPIO_Input
PI10.Signal=GPIO_Output
PD5.Signal=USART2_TX
PK0.Locked=true
PJ9.Locked=true
PJ11.Mode=RGB565
PD12.Locked=true
PF7.Mode=IN5
PH8.GPIO_Label=PCBREV2
SH.ADCx_IN12.0=ADC3_IN12,IN12
PH4.Signal=GPIO_Input
PD12.GPIOParameters=GPIO_Label
ProjectManager.TargetToolchain=STM32CubeIDE
FATFS0.BSP.condition=
LTDC.ActiveH=272
SH.FMC_D1_DA1.ConfNb=1
PI0.Mode=NSS_Signal_Hard_Output
RCC.VcooutputI2SQ=192000000
PE4.Locked=true
PF2.Signal=FMC_A2
PC2.Locked=true
ProjectManager.RegisterCallBack=
PH2.GPIOParameters=GPIO_Label
PH11.Locked=true
PE11.Signal=FMC_D8_DA8
PD3.Locked=true
PK0.Signal=LTDC_G5
PB1.Locked=true
PG14.Signal=USART6_TX
PJ3.Mode=RGB565
PD11.GPIOParameters=GPIO_PuPd,GPIO_Label
PH0/OSC_IN.Signal=RCC_OSC_IN
PI8.Locked=true
NVIC.SavedSystickIrqHandlerGenerated=true
RCC.APB2Freq_Value=84000000
SH.FMC_D13_DA13.ConfNb=1
PI3.Locked=true
PC13.GPIOParameters=GPIO_PuPd,GPIO_Label
PD4.GPIO_Label=TelemDir
PF10.Signal=GPIO_Output
SH.ADCx_IN10.ConfNb=1
PI7.GPIO_Label=KEYsys
PD13.GPIO_PuPd=GPIO_PULLUP
PF15.Signal=FMC_A9
PA4.GPIOParameters=GPIO_Label
PE6.Signal=GPIO_Output
PB15.GPIOParameters=GPIO_PuPd,GPIO_Label
PI13.Mode=RGB565
Mcu.Name=STM32F429B(E-G-I)Tx
PA2.Signal=ADCx_IN2
VP_FREERTOS_VS_CMSIS_V2.Signal=FREERTOS_VS_CMSIS_V2
PD14.Signal=FMC_D0_DA0
PB3.Signal=GPIO_Output
PA7.GPIO_Label=AudioMute
PA12.Mode=Device_Only
PG12.Locked=true
PC5.GPIO_Label=SDpresent
PC15/OSC32_OUT.Mode=LSE-External-Oscillator
PJ4.Locked=true
PB7.Mode=Asynchronous
PA14.Signal=SYS_JTCK-SWCLK
SH.ADCx_IN10.0=ADC3_IN10,IN10
PF6.GPIOParameters=GPIO_Label
PG12.GPIO_Label=TrimLVD
PB9.GPIO_PuPdOD=GPIO_NOPULL
PH2.Locked=true
PK3.Mode=RGB565
FATFS0.BSP.component=
PI15.Signal=GPIO_Input
PB8.Signal=I2C1_SCL
PE3.GPIO_Label=SWEL
PC9.Signal=SDIO_D1
RCC.APB1Freq_Value=42000000
PJ1.PinState=GPIO_PIN_SET
ProjectManager.DeviceId=STM32F429BITx
ProjectManager.LibraryCopy=1
PB1.GPIOParameters=GPIO_Label
PA7.Signal=GPIO_Output
PJ12.Locked=true
PI15.GPIO_PuPd=GPIO_PULLUP
isbadioc=false
